
Microsoft Visual Studio Solution File, Format Version 12.00
Project("{FAE04EC0-301F-11D3-BF4B-00C04F79EFBC}") = "Concert Ticker Booking System", " Concert Ticker Booking System\Concert Ticker Booking System.csproj", "{89ED73E0-FCD7-4EE6-9167-2E5F6FF2DBFD}"
EndProject
Global
	GlobalSection(SolutionConfigurationPlatforms) = preSolution
		Debug|Any CPU = Debug|Any CPU
		Release|Any CPU = Release|Any CPU
	EndGlobalSection
	GlobalSection(ProjectConfigurationPlatforms) = postSolution
		{89ED73E0-FCD7-4EE6-9167-2E5F6FF2DBFD}.Debug|Any CPU.ActiveCfg = Debug|Any CPU
		{89ED73E0-FCD7-4EE6-9167-2E5F6FF2DBFD}.Debug|Any CPU.Build.0 = Debug|Any CPU
		{89ED73E0-FCD7-4EE6-9167-2E5F6FF2DBFD}.Release|Any CPU.ActiveCfg = Release|Any CPU
		{89ED73E0-FCD7-4EE6-9167-2E5F6FF2DBFD}.Release|Any CPU.Build.0 = Release|Any CPU
	EndGlobalSection
EndGlobal
